
Microsoft Visual Studio Solution File, Format Version 12.00
# Visual Studio 15
VisualStudioVersion = 15.0.27703.2018
MinimumVisualStudioVersion = 10.0.40219.1
Project("{FAE04EC0-301F-11D3-BF4B-00C04F79EFBC}") = "ASIATEK", "ASIATEK\ASIATEK.csproj", "{1FB69A08-1579-41D8-BA86-2C6E35399C51}"
EndProject
Global
	GlobalSection(SolutionConfigurationPlatforms) = preSolution
		Debug|Any CPU = Debug|Any CPU
		Release|Any CPU = Release|Any CPU
	EndGlobalSection
	GlobalSection(ProjectConfigurationPlatforms) = postSolution
		{1FB69A08-1579-41D8-BA86-2C6E35399C51}.Debug|Any CPU.ActiveCfg = Debug|Any CPU
		{1FB69A08-1579-41D8-BA86-2C6E35399C51}.Debug|Any CPU.Build.0 = Debug|Any CPU
		{1FB69A08-1579-41D8-BA86-2C6E35399C51}.Release|Any CPU.ActiveCfg = Release|Any CPU
		{1FB69A08-1579-41D8-BA86-2C6E35399C51}.Release|Any CPU.Build.0 = Release|Any CPU
	EndGlobalSection
	GlobalSection(SolutionProperties) = preSolution
		HideSolutionNode = FALSE
	EndGlobalSection
	GlobalSection(ExtensibilityGlobals) = postSolution
		SolutionGuid = {E5EB0A79-F18C-43C7-AF78-E23CBD88AA86}
	EndGlobalSection
EndGlobal
